PODS:
  - AFNetworking (3.2.1):
    - AFNetworking/NSURLSession (= 3.2.1)
    - AFNetworking/Reachability (= 3.2.1)
    - AFNetworking/Security (= 3.2.1)
    - AFNetworking/Serialization (= 3.2.1)
    - AFNetworking/UIKit (= 3.2.1)
  - AFNetworking/NSURLSession (3.2.1):
    - AFNetworking/Reachability
    - AFNetworking/Security
    - AFNetworking/Serialization
  - AFNetworking/Reachability (3.2.1)
  - AFNetworking/Security (3.2.1)
  - AFNetworking/Serialization (3.2.1)
  - AFNetworking/UIKit (3.2.1):
    - AFNetworking/NSURLSession
  - MBProgressHUD (1.1.0)
  - PPBadgeView (2.1.0)
  - XHHelper (1.0.6):
    - AFNetworking (~> 3.2.1)
    - MBProgressHUD (~> 1.1.0)
    - PPBadgeView (~> 2.1.0)

DEPENDENCIES:
  - XHHelper (from `../`)

SPEC REPOS:
  https://github.com/cocoapods/specs.git:
    - AFNetworking
    - MBProgressHUD
    - PPBadgeView

EXTERNAL SOURCES:
  XHHelper:
    :path: "../"

SPEC CHECKSUMS:
  AFNetworking: b6f891fdfaed196b46c7a83cf209e09697b94057
  MBProgressHUD: e7baa36a220447d8aeb12769bf0585582f3866d9
  PPBadgeView: 167006b3497ebb6222942313a6b827e79791aae6
  XHHelper: d1193e50f395749c3e15cbd444bf78475997e46e

PODFILE CHECKSUM: efe135b54ef07fcd905a06a9c970bd921664e34d

COCOAPODS: 1.5.3
